// !$*UTF8*$!
{
	archiveVersion = 1;
	classes = {
	};
	objectVersion = 46;
	objects = {

/* Begin PBXBuildFile section */
		00E356F31AD99517003FC87E /* sPointsTests.m in Sources */ = {isa = PBXBuildFile; fileRef = 00E356F21AD99517003FC87E /* sPointsTests.m */; };
		028B564AD7CA4CD6945234D8 /* FontAwesome.ttf in Resources */ = {isa = PBXBuildFile; fileRef = 0AD2D9F1CE4C4804A2387411 /* FontAwesome.ttf */; };
		13B07FBC1A68108700A75B9A /* AppDelegate.m in Sources */ = {isa = PBXBuildFile; fileRef = 13B07FB01A68108700A75B9A /* AppDelegate.m */; };
		13B07FBD1A68108700A75B9A /* LaunchScreen.xib in Resources */ = {isa = PBXBuildFile; fileRef = 13B07FB11A68108700A75B9A /* LaunchScreen.xib */; };
		13B07FBF1A68108700A75B9A /* Images.xcassets in Resources */ = {isa = PBXBuildFile; fileRef = 13B07FB51A68108700A75B9A /* Images.xcassets */; };
		13B07FC11A68108700A75B9A /* main.m in Sources */ = {isa = PBXBuildFile; fileRef = 13B07FB71A68108700A75B9A /* main.m */; };
		17CF247CF95D4A29B1B5B31C /* FontAwesome5_Regular.ttf in Resources */ = {isa = PBXBuildFile; fileRef = B14D19D87DED4CC08C4D7365 /* FontAwesome5_Regular.ttf */; };
		2D02E4BC1E0B4A80006451C7 /* AppDelegate.m in Sources */ = {isa = PBXBuildFile; fileRef = 13B07FB01A68108700A75B9A /* AppDelegate.m */; };
		2D02E4BD1E0B4A84006451C7 /* Images.xcassets in Resources */ = {isa = PBXBuildFile; fileRef = 13B07FB51A68108700A75B9A /* Images.xcassets */; };
		2D02E4BF1E0B4AB3006451C7 /* main.m in Sources */ = {isa = PBXBuildFile; fileRef = 13B07FB71A68108700A75B9A /* main.m */; };
		2DCD954D1E0B4F2C00145EB5 /* sPointsTests.m in Sources */ = {isa = PBXBuildFile; fileRef = 00E356F21AD99517003FC87E /* sPointsTests.m */; };
		32E84ABA75D7418DB3B2A173 /* rubicon-icon-font.ttf in Resources */ = {isa = PBXBuildFile; fileRef = 581DEFF7769B4EA184592C1B /* rubicon-icon-font.ttf */; };
		3E77EA216BE9485083D2A375 /* Roboto.ttf in Resources */ = {isa = PBXBuildFile; fileRef = FE669E53BDD54B8BA1BB97CD /* Roboto.ttf */; };
		4D6BCF733857F1A222388C34 /* libPods-sPoints.a in Frameworks */ = {isa = PBXBuildFile; fileRef = 758AD4E2F79C53DB442C8ACD /* libPods-sPoints.a */; };
		5D3B6AB4717C483FA5DAC72A /* Roboto_medium.ttf in Resources */ = {isa = PBXBuildFile; fileRef = 6F2220FCA2F74BD2878122D8 /* Roboto_medium.ttf */; };
		937751C326B3465582E6D529 /* Entypo.ttf in Resources */ = {isa = PBXBuildFile; fileRef = BEDB8020F71B4E22924EFC78 /* Entypo.ttf */; };
		A422607FBB05443F92A91191 /* Fontisto.ttf in Resources */ = {isa = PBXBuildFile; fileRef = F964905D3D404234B9661B10 /* Fontisto.ttf */; };
		B88484CCEB294E33AC797094 /* Ionicons.ttf in Resources */ = {isa = PBXBuildFile; fileRef = 892FC933C8364C82B1BAEE75 /* Ionicons.ttf */; };
		BC56C3738A5EAEE61AC809EB /* libPods-sPoints-tvOSTests.a in Frameworks */ = {isa = PBXBuildFile; fileRef = 65CEB826D389419330C45B12 /* libPods-sPoints-tvOSTests.a */; };
		BD04F39D5B26467EAA69151D /* MaterialCommunityIcons.ttf in Resources */ = {isa = PBXBuildFile; fileRef = D6A10AE48A38460B9C3FD85A /* MaterialCommunityIcons.ttf */; };
		C0851842DB13C04E5FE1C790 /* libPods-sPoints-tvOS.a in Frameworks */ = {isa = PBXBuildFile; fileRef = C6E88B7C7D231E1ED243DEEA /* libPods-sPoints-tvOS.a */; };
		C56E40FACA6CB9DFF782B129 /* libPods-sPointsTests.a in Frameworks */ = {isa = PBXBuildFile; fileRef = 9D1853689CA8188FE4C763AB /* libPods-sPointsTests.a */; };
		D1291F14240661A300ECBBAC /* FontAwesome5_Regular.ttf in Resources */ = {isa = PBXBuildFile; fileRef = D1291F04240661A300ECBBAC /* FontAwesome5_Regular.ttf */; };
		D1291F15240661A300ECBBAC /* FontAwesome5_Regular.ttf in Resources */ = {isa = PBXBuildFile; fileRef = D1291F04240661A300ECBBAC /* FontAwesome5_Regular.ttf */; };
		D1291F16240661A300ECBBAC /* FontAwesome5_Regular.ttf in Resources */ = {isa = PBXBuildFile; fileRef = D1291F04240661A300ECBBAC /* FontAwesome5_Regular.ttf */; };
		D1291F17240661A300ECBBAC /* FontAwesome5_Regular.ttf in Resources */ = {isa = PBXBuildFile; fileRef = D1291F04240661A300ECBBAC /* FontAwesome5_Regular.ttf */; };
		D1291F18240661A300ECBBAC /* Feather.ttf in Resources */ = {isa = PBXBuildFile; fileRef = D1291F05240661A300ECBBAC /* Feather.ttf */; };
		D1291F19240661A300ECBBAC /* Feather.ttf in Resources */ = {isa = PBXBuildFile; fileRef = D1291F05240661A300ECBBAC /* Feather.ttf */; };
		D1291F1A240661A300ECBBAC /* Feather.ttf in Resources */ = {isa = PBXBuildFile; fileRef = D1291F05240661A300ECBBAC /* Feather.ttf */; };
		D1291F1B240661A300ECBBAC /* Feather.ttf in Resources */ = {isa = PBXBuildFile; fileRef = D1291F05240661A300ECBBAC /* Feather.ttf */; };
		D1291F1C240661A300ECBBAC /* Ionicons.ttf in Resources */ = {isa = PBXBuildFile; fileRef = D1291F06240661A300ECBBAC /* Ionicons.ttf */; };
		D1291F1D240661A300ECBBAC /* Ionicons.ttf in Resources */ = {isa = PBXBuildFile; fileRef = D1291F06240661A300ECBBAC /* Ionicons.ttf */; };
		D1291F1E240661A300ECBBAC /* Ionicons.ttf in Resources */ = {isa = PBXBuildFile; fileRef = D1291F06240661A300ECBBAC /* Ionicons.ttf */; };
		D1291F1F240661A300ECBBAC /* Ionicons.ttf in Resources */ = {isa = PBXBuildFile; fileRef = D1291F06240661A300ECBBAC /* Ionicons.ttf */; };
		D1291F20240661A300ECBBAC /* Fontisto.ttf in Resources */ = {isa = PBXBuildFile; fileRef = D1291F07240661A300ECBBAC /* Fontisto.ttf */; };
		D1291F21240661A300ECBBAC /* Fontisto.ttf in Resources */ = {isa = PBXBuildFile; fileRef = D1291F07240661A300ECBBAC /* Fontisto.ttf */; };
		D1291F22240661A300ECBBAC /* Fontisto.ttf in Resources */ = {isa = PBXBuildFile; fileRef = D1291F07240661A300ECBBAC /* Fontisto.ttf */; };
		D1291F23240661A300ECBBAC /* Fontisto.ttf in Resources */ = {isa = PBXBuildFile; fileRef = D1291F07240661A300ECBBAC /* Fontisto.ttf */; };
		D1291F24240661A300ECBBAC /* SimpleLineIcons.ttf in Resources */ = {isa = PBXBuildFile; fileRef = D1291F08240661A300ECBBAC /* SimpleLineIcons.ttf */; };
		D1291F25240661A300ECBBAC /* SimpleLineIcons.ttf in Resources */ = {isa = PBXBuildFile; fileRef = D1291F08240661A300ECBBAC /* SimpleLineIcons.ttf */; };
		D1291F26240661A300ECBBAC /* SimpleLineIcons.ttf in Resources */ = {isa = PBXBuildFile; fileRef = D1291F08240661A300ECBBAC /* SimpleLineIcons.ttf */; };
		D1291F27240661A300ECBBAC /* SimpleLineIcons.ttf in Resources */ = {isa = PBXBuildFile; fileRef = D1291F08240661A300ECBBAC /* SimpleLineIcons.ttf */; };
		D1291F28240661A300ECBBAC /* Entypo.ttf in Resources */ = {isa = PBXBuildFile; fileRef = D1291F09240661A300ECBBAC /* Entypo.ttf */; };
		D1291F29240661A300ECBBAC /* Entypo.ttf in Resources */ = {isa = PBXBuildFile; fileRef = D1291F09240661A300ECBBAC /* Entypo.ttf */; };
		D1291F2A240661A300ECBBAC /* Entypo.ttf in Resources */ = {isa = PBXBuildFile; fileRef = D1291F09240661A300ECBBAC /* Entypo.ttf */; };
		D1291F2B240661A300ECBBAC /* Entypo.ttf in Resources */ = {isa = PBXBuildFile; fileRef = D1291F09240661A300ECBBAC /* Entypo.ttf */; };
		D1291F2C240661A300ECBBAC /* FontAwesome5_Brands.ttf in Resources */ = {isa = PBXBuildFile; fileRef = D1291F0A240661A300ECBBAC /* FontAwesome5_Brands.ttf */; };
		D1291F2D240661A300ECBBAC /* FontAwesome5_Brands.ttf in Resources */ = {isa = PBXBuildFile; fileRef = D1291F0A240661A300ECBBAC /* FontAwesome5_Brands.ttf */; };
		D1291F2E240661A300ECBBAC /* FontAwesome5_Brands.ttf in Resources */ = {isa = PBXBuildFile; fileRef = D1291F0A240661A300ECBBAC /* FontAwesome5_Brands.ttf */; };
		D1291F2F240661A300ECBBAC /* FontAwesome5_Brands.ttf in Resources */ = {isa = PBXBuildFile; fileRef = D1291F0A240661A300ECBBAC /* FontAwesome5_Brands.ttf */; };
		D1291F30240661A300ECBBAC /* AntDesign.ttf in Resources */ = {isa = PBXBuildFile; fileRef = D1291F0B240661A300ECBBAC /* AntDesign.ttf */; };
		D1291F31240661A300ECBBAC /* AntDesign.ttf in Resources */ = {isa = PBXBuildFile; fileRef = D1291F0B240661A300ECBBAC /* AntDesign.ttf */; };
		D1291F32240661A300ECBBAC /* AntDesign.ttf in Resources */ = {isa = PBXBuildFile; fileRef = D1291F0B240661A300ECBBAC /* AntDesign.ttf */; };
		D1291F33240661A300ECBBAC /* AntDesign.ttf in Resources */ = {isa = PBXBuildFile; fileRef = D1291F0B240661A300ECBBAC /* AntDesign.ttf */; };
		D1291F34240661A300ECBBAC /* MaterialIcons.ttf in Resources */ = {isa = PBXBuildFile; fileRef = D1291F0C240661A300ECBBAC /* MaterialIcons.ttf */; };
		D1291F35240661A300ECBBAC /* MaterialIcons.ttf in Resources */ = {isa = PBXBuildFile; fileRef = D1291F0C240661A300ECBBAC /* MaterialIcons.ttf */; };
		D1291F36240661A300ECBBAC /* MaterialIcons.ttf in Resources */ = {isa = PBXBuildFile; fileRef = D1291F0C240661A300ECBBAC /* MaterialIcons.ttf */; };
		D1291F37240661A300ECBBAC /* MaterialIcons.ttf in Resources */ = {isa = PBXBuildFile; fileRef = D1291F0C240661A300ECBBAC /* MaterialIcons.ttf */; };
		D1291F38240661A300ECBBAC /* EvilIcons.ttf in Resources */ = {isa = PBXBuildFile; fileRef = D1291F0D240661A300ECBBAC /* EvilIcons.ttf */; };
		D1291F39240661A300ECBBAC /* EvilIcons.ttf in Resources */ = {isa = PBXBuildFile; fileRef = D1291F0D240661A300ECBBAC /* EvilIcons.ttf */; };
		D1291F3A240661A300ECBBAC /* EvilIcons.ttf in Resources */ = {isa = PBXBuildFile; fileRef = D1291F0D240661A300ECBBAC /* EvilIcons.ttf */; };
		D1291F3B240661A300ECBBAC /* EvilIcons.ttf in Resources */ = {isa = PBXBuildFile; fileRef = D1291F0D240661A300ECBBAC /* EvilIcons.ttf */; };
		D1291F3C240661A300ECBBAC /* Octicons.ttf in Resources */ = {isa = PBXBuildFile; fileRef = D1291F0E240661A300ECBBAC /* Octicons.ttf */; };
		D1291F3D240661A300ECBBAC /* Octicons.ttf in Resources */ = {isa = PBXBuildFile; fileRef = D1291F0E240661A300ECBBAC /* Octicons.ttf */; };
		D1291F3E240661A300ECBBAC /* Octicons.ttf in Resources */ = {isa = PBXBuildFile; fileRef = D1291F0E240661A300ECBBAC /* Octicons.ttf */; };
		D1291F3F240661A300ECBBAC /* Octicons.ttf in Resources */ = {isa = PBXBuildFile; fileRef = D1291F0E240661A300ECBBAC /* Octicons.ttf */; };
		D1291F40240661A300ECBBAC /* FontAwesome.ttf in Resources */ = {isa = PBXBuildFile; fileRef = D1291F0F240661A300ECBBAC /* FontAwesome.ttf */; };
		D1291F41240661A300ECBBAC /* FontAwesome.ttf in Resources */ = {isa = PBXBuildFile; fileRef = D1291F0F240661A300ECBBAC /* FontAwesome.ttf */; };
		D1291F42240661A300ECBBAC /* FontAwesome.ttf in Resources */ = {isa = PBXBuildFile; fileRef = D1291F0F240661A300ECBBAC /* FontAwesome.ttf */; };
		D1291F43240661A300ECBBAC /* FontAwesome.ttf in Resources */ = {isa = PBXBuildFile; fileRef = D1291F0F240661A300ECBBAC /* FontAwesome.ttf */; };
		D1291F44240661A300ECBBAC /* Foundation.ttf in Resources */ = {isa = PBXBuildFile; fileRef = D1291F10240661A300ECBBAC /* Foundation.ttf */; };
		D1291F45240661A300ECBBAC /* Foundation.ttf in Resources */ = {isa = PBXBuildFile; fileRef = D1291F10240661A300ECBBAC /* Foundation.ttf */; };
		D1291F46240661A300ECBBAC /* Foundation.ttf in Resources */ = {isa = PBXBuildFile; fileRef = D1291F10240661A300ECBBAC /* Foundation.ttf */; };
		D1291F47240661A300ECBBAC /* Foundation.ttf in Resources */ = {isa = PBXBuildFile; fileRef = D1291F10240661A300ECBBAC /* Foundation.ttf */; };
		D1291F48240661A300ECBBAC /* Zocial.ttf in Resources */ = {isa = PBXBuildFile; fileRef = D1291F11240661A300ECBBAC /* Zocial.ttf */; };
		D1291F49240661A300ECBBAC /* Zocial.ttf in Resources */ = {isa = PBXBuildFile; fileRef = D1291F11240661A300ECBBAC /* Zocial.ttf */; };
		D1291F4A240661A300ECBBAC /* Zocial.ttf in Resources */ = {isa = PBXBuildFile; fileRef = D1291F11240661A300ECBBAC /* Zocial.ttf */; };
		D1291F4B240661A300ECBBAC /* Zocial.ttf in Resources */ = {isa = PBXBuildFile; fileRef = D1291F11240661A300ECBBAC /* Zocial.ttf */; };
		D1291F4C240661A300ECBBAC /* FontAwesome5_Solid.ttf in Resources */ = {isa = PBXBuildFile; fileRef = D1291F12240661A300ECBBAC /* FontAwesome5_Solid.ttf */; };
		D1291F4D240661A300ECBBAC /* FontAwesome5_Solid.ttf in Resources */ = {isa = PBXBuildFile; fileRef = D1291F12240661A300ECBBAC /* FontAwesome5_Solid.ttf */; };
		D1291F4E240661A300ECBBAC /* FontAwesome5_Solid.ttf in Resources */ = {isa = PBXBuildFile; fileRef = D1291F12240661A300ECBBAC /* FontAwesome5_Solid.ttf */; };
		D1291F4F240661A300ECBBAC /* FontAwesome5_Solid.ttf in Resources */ = {isa = PBXBuildFile; fileRef = D1291F12240661A300ECBBAC /* FontAwesome5_Solid.ttf */; };
		D1291F50240661A300ECBBAC /* MaterialCommunityIcons.ttf in Resources */ = {isa = PBXBuildFile; fileRef = D1291F13240661A300ECBBAC /* MaterialCommunityIcons.ttf */; };
		D1291F51240661A300ECBBAC /* MaterialCommunityIcons.ttf in Resources */ = {isa = PBXBuildFile; fileRef = D1291F13240661A300ECBBAC /* MaterialCommunityIcons.ttf */; };
		D1291F52240661A300ECBBAC /* MaterialCommunityIcons.ttf in Resources */ = {isa = PBXBuildFile; fileRef = D1291F13240661A300ECBBAC /* MaterialCommunityIcons.ttf */; };
		D1291F53240661A300ECBBAC /* MaterialCommunityIcons.ttf in Resources */ = {isa = PBXBuildFile; fileRef = D1291F13240661A300ECBBAC /* MaterialCommunityIcons.ttf */; };
		DEB284CEE59B4D8BAA04D836 /* Octicons.ttf in Resources */ = {isa = PBXBuildFile; fileRef = 2CB81EE86A144477A80CE620 /* Octicons.ttf */; };
		FB4B55F84B0A4892A9987121 /* Foundation.ttf in Resources */ = {isa = PBXBuildFile; fileRef = 1D6765DA320B47EA86D028B8 /* Foundation.ttf */; };
/* End PBXBuildFile section */

/* Begin PBXContainerItemProxy section */
		00E356F41AD99517003FC87E /* PBXContainerItemProxy */ = {
			isa = PBXContainerItemProxy;
			containerPortal = 83CBB9F71A601CBA00E9B192 /* Project object */;
			proxyType = 1;
			remoteGlobalIDString = 13B07F861A680F5B00A75B9A;
			remoteInfo = sPoints;
		};
		2D02E4911E0B4A5D006451C7 /* PBXContainerItemProxy */ = {
			isa = PBXContainerItemProxy;
			containerPortal = 83CBB9F71A601CBA00E9B192 /* Project object */;
			proxyType = 1;
			remoteGlobalIDString = 2D02E47A1E0B4A5D006451C7;
			remoteInfo = "sPoints-tvOS";
		};
/* End PBXContainerItemProxy section */

/* Begin PBXFileReference section */
		008F07F21AC5B25A0029DE68 /* main.jsbundle */ = {isa = PBXFileReference; fileEncoding = 4; lastKnownFileType = text; path = main.jsbundle; sourceTree = "<group>"; };
		00E356EE1AD99517003FC87E /* sPointsTests.xctest */ = {isa = PBXFileReference; explicitFileType = wrapper.cfbundle; includeInIndex = 0; path = sPointsTests.xctest; sourceTree = BUILT_PRODUCTS_DIR; };
		00E356F11AD99517003FC87E /* Info.plist */ = {isa = PBXFileReference; lastKnownFileType = text.plist.xml; path = Info.plist; sourceTree = "<group>"; };
		00E356F21AD99517003FC87E /* sPointsTests.m */ = {isa = PBXFileReference; lastKnownFileType = sourcecode.c.objc; path = sPointsTests.m; sourceTree = "<group>"; };
		00EB8FDE5325A7884386A121 /* Pods-sPoints-tvOSTests.release.xcconfig */ = {isa = PBXFileReference; includeInIndex = 1; lastKnownFileType = text.xcconfig; name = "Pods-sPoints-tvOSTests.release.xcconfig"; path = "Target Support Files/Pods-sPoints-tvOSTests/Pods-sPoints-tvOSTests.release.xcconfig"; sourceTree = "<group>"; };
		0AD2D9F1CE4C4804A2387411 /* FontAwesome.ttf */ = {isa = PBXFileReference; explicitFileType = undefined; fileEncoding = undefined; includeInIndex = 0; lastKnownFileType = unknown; name = FontAwesome.ttf; path = "../node_modules/native-base/Fonts/FontAwesome.ttf"; sourceTree = "<group>"; };
		13B07F961A680F5B00A75B9A /* sPoints.app */ = {isa = PBXFileReference; explicitFileType = wrapper.application; includeInIndex = 0; path = sPoints.app; sourceTree = BUILT_PRODUCTS_DIR; };
		13B07FAF1A68108700A75B9A /* AppDelegate.h */ = {isa = PBXFileReference; fileEncoding = 4; lastKnownFileType = sourcecode.c.h; name = AppDelegate.h; path = sPoints/AppDelegate.h; sourceTree = "<group>"; };
		13B07FB01A68108700A75B9A /* AppDelegate.m */ = {isa = PBXFileReference; fileEncoding = 4; lastKnownFileType = sourcecode.c.objc; name = AppDelegate.m; path = sPoints/AppDelegate.m; sourceTree = "<group>"; };
		13B07FB21A68108700A75B9A /* Base */ = {isa = PBXFileReference; lastKnownFileType = file.xib; name = Base; path = Base.lproj/LaunchScreen.xib; sourceTree = "<group>"; };
		13B07FB51A68108700A75B9A /* Images.xcassets */ = {isa = PBXFileReference; lastKnownFileType = folder.assetcatalog; name = Images.xcassets; path = sPoints/Images.xcassets; sourceTree = "<group>"; };
		13B07FB61A68108700A75B9A /* Info.plist */ = {isa = PBXFileReference; fileEncoding = 4; lastKnownFileType = text.plist.xml; name = Info.plist; path = sPoints/Info.plist; sourceTree = "<group>"; };
		13B07FB71A68108700A75B9A /* main.m */ = {isa = PBXFileReference; fileEncoding = 4; lastKnownFileType = sourcecode.c.objc; name = main.m; path = sPoints/main.m; sourceTree = "<group>"; };
		1AF8CD4CDB11CD1F769018BE /* Pods-sPoints-tvOS.release.xcconfig */ = {isa = PBXFileReference; includeInIndex = 1; lastKnownFileType = text.xcconfig; name = "Pods-sPoints-tvOS.release.xcconfig"; path = "Target Support Files/Pods-sPoints-tvOS/Pods-sPoints-tvOS.release.xcconfig"; sourceTree = "<group>"; };
		1D6765DA320B47EA86D028B8 /* Foundation.ttf */ = {isa = PBXFileReference; explicitFileType = undefined; fileEncoding = undefined; includeInIndex = 0; lastKnownFileType = unknown; name = Foundation.ttf; path = "../node_modules/native-base/Fonts/Foundation.ttf"; sourceTree = "<group>"; };
		2CB81EE86A144477A80CE620 /* Octicons.ttf */ = {isa = PBXFileReference; explicitFileType = undefined; fileEncoding = undefined; includeInIndex = 0; lastKnownFileType = unknown; name = Octicons.ttf; path = "../node_modules/native-base/Fonts/Octicons.ttf"; sourceTree = "<group>"; };
		2D02E47B1E0B4A5D006451C7 /* sPoints-tvOS.app */ = {isa = PBXFileReference; explicitFileType = wrapper.application; includeInIndex = 0; path = "sPoints-tvOS.app"; sourceTree = BUILT_PRODUCTS_DIR; };
		2D02E4901E0B4A5D006451C7 /* sPoints-tvOSTests.xctest */ = {isa = PBXFileReference; explicitFileType = wrapper.cfbundle; includeInIndex = 0; path = "sPoints-tvOSTests.xctest"; sourceTree = BUILT_PRODUCTS_DIR; };
		3AEDCFE2B19194A5F9948F2F /* Pods-sPoints.release.xcconfig */ = {isa = PBXFileReference; includeInIndex = 1; lastKnownFileType = text.xcconfig; name = "Pods-sPoints.release.xcconfig"; path = "Target Support Files/Pods-sPoints/Pods-sPoints.release.xcconfig"; sourceTree = "<group>"; };
		3B1DF09C53C34E1480360EC1 /* AntDesign.ttf */ = {isa = PBXFileReference; explicitFileType = undefined; fileEncoding = 9; includeInIndex = 0; lastKnownFileType = unknown; name = AntDesign.ttf; path = "../node_modules/native-base/Fonts/AntDesign.ttf"; sourceTree = "<group>"; };
		44142001A240665AF77CBE74 /* Pods-sPoints-tvOSTests.debug.xcconfig */ = {isa = PBXFileReference; includeInIndex = 1; lastKnownFileType = text.xcconfig; name = "Pods-sPoints-tvOSTests.debug.xcconfig"; path = "Target Support Files/Pods-sPoints-tvOSTests/Pods-sPoints-tvOSTests.debug.xcconfig"; sourceTree = "<group>"; };
		48109D0E7C574E5DADD7620D /* SimpleLineIcons.ttf */ = {isa = PBXFileReference; explicitFileType = undefined; fileEncoding = 9; includeInIndex = 0; lastKnownFileType = unknown; name = SimpleLineIcons.ttf; path = "../node_modules/native-base/Fonts/SimpleLineIcons.ttf"; sourceTree = "<group>"; };
		515FC319D39069A8388DC304 /* Pods-sPointsTests.release.xcconfig */ = {isa = PBXFileReference; includeInIndex = 1; lastKnownFileType = text.xcconfig; name = "Pods-sPointsTests.release.xcconfig"; path = "Target Support Files/Pods-sPointsTests/Pods-sPointsTests.release.xcconfig"; sourceTree = "<group>"; };
		581DEFF7769B4EA184592C1B /* rubicon-icon-font.ttf */ = {isa = PBXFileReference; explicitFileType = undefined; fileEncoding = 9; includeInIndex = 0; lastKnownFileType = unknown; name = "rubicon-icon-font.ttf"; path = "../node_modules/native-base/Fonts/rubicon-icon-font.ttf"; sourceTree = "<group>"; };
		584A9B939F9D440FB8489E3D /* FontAwesome5_Solid.ttf */ = {isa = PBXFileReference; explicitFileType = undefined; fileEncoding = 9; includeInIndex = 0; lastKnownFileType = unknown; name = FontAwesome5_Solid.ttf; path = "../node_modules/native-base/Fonts/FontAwesome5_Solid.ttf"; sourceTree = "<group>"; };
		65CEB826D389419330C45B12 /* libPods-sPoints-tvOSTests.a */ = {isa = PBXFileReference; explicitFileType = archive.ar; includeInIndex = 0; path = "libPods-sPoints-tvOSTests.a"; sourceTree = BUILT_PRODUCTS_DIR; };
		6F2220FCA2F74BD2878122D8 /* Roboto_medium.ttf */ = {isa = PBXFileReference; explicitFileType = undefined; fileEncoding = 9; includeInIndex = 0; lastKnownFileType = unknown; name = Roboto_medium.ttf; path = "../node_modules/native-base/Fonts/Roboto_medium.ttf"; sourceTree = "<group>"; };
		758AD4E2F79C53DB442C8ACD /* libPods-sPoints.a */ = {isa = PBXFileReference; explicitFileType = archive.ar; includeInIndex = 0; path = "libPods-sPoints.a"; sourceTree = BUILT_PRODUCTS_DIR; };
		791CA760831D4B45BB918825 /* FontAwesome.ttf */ = {isa = PBXFileReference; explicitFileType = undefined; fileEncoding = 9; includeInIndex = 0; lastKnownFileType = unknown; name = FontAwesome.ttf; path = "../node_modules/react-native-vector-icons/Fonts/FontAwesome.ttf"; sourceTree = "<group>"; };
		892FC933C8364C82B1BAEE75 /* Ionicons.ttf */ = {isa = PBXFileReference; explicitFileType = undefined; fileEncoding = undefined; includeInIndex = 0; lastKnownFileType = unknown; name = Ionicons.ttf; path = "../node_modules/native-base/Fonts/Ionicons.ttf"; sourceTree = "<group>"; };
		8E987D45494C4B9AA738694A /* Foundation.ttf */ = {isa = PBXFileReference; explicitFileType = undefined; fileEncoding = 9; includeInIndex = 0; lastKnownFileType = unknown; name = Foundation.ttf; path = "../node_modules/react-native-vector-icons/Fonts/Foundation.ttf"; sourceTree = "<group>"; };
		9B38DC40B7EA4D46A2194F9C /* FontAwesome5_Regular.ttf */ = {isa = PBXFileReference; explicitFileType = undefined; fileEncoding = 9; includeInIndex = 0; lastKnownFileType = unknown; name = FontAwesome5_Regular.ttf; path = "../node_modules/react-native-vector-icons/Fonts/FontAwesome5_Regular.ttf"; sourceTree = "<group>"; };
		9D1853689CA8188FE4C763AB /* libPods-sPointsTests.a */ = {isa = PBXFileReference; explicitFileType = archive.ar; includeInIndex = 0; path = "libPods-sPointsTests.a"; sourceTree = BUILT_PRODUCTS_DIR; };
		9D89B0DB51424913B315F1A6 /* Octicons.ttf */ = {isa = PBXFileReference; explicitFileType = undefined; fileEncoding = 9; includeInIndex = 0; lastKnownFileType = unknown; name = Octicons.ttf; path = "../node_modules/react-native-vector-icons/Fonts/Octicons.ttf"; sourceTree = "<group>"; };
		B14D19D87DED4CC08C4D7365 /* FontAwesome5_Regular.ttf */ = {isa = PBXFileReference; explicitFileType = undefined; fileEncoding = undefined; includeInIndex = 0; lastKnownFileType = unknown; name = FontAwesome5_Regular.ttf; path = "../node_modules/native-base/Fonts/FontAwesome5_Regular.ttf"; sourceTree = "<group>"; };
		B5211C4B33564075A147D5EF /* Entypo.ttf */ = {isa = PBXFileReference; explicitFileType = undefined; fileEncoding = 9; includeInIndex = 0; lastKnownFileType = unknown; name = Entypo.ttf; path = "../node_modules/react-native-vector-icons/Fonts/Entypo.ttf"; sourceTree = "<group>"; };
		B88BA8B4E7E6128D200EDE80 /* Pods-sPoints.debug.xcconfig */ = {isa = PBXFileReference; includeInIndex = 1; lastKnownFileType = text.xcconfig; name = "Pods-sPoints.debug.xcconfig"; path = "Target Support Files/Pods-sPoints/Pods-sPoints.debug.xcconfig"; sourceTree = "<group>"; };
		BB5AF293D3D94CFEA2471161 /* Ionicons.ttf */ = {isa = PBXFileReference; explicitFileType = undefined; fileEncoding = 9; includeInIndex = 0; lastKnownFileType = unknown; name = Ionicons.ttf; path = "../node_modules/react-native-vector-icons/Fonts/Ionicons.ttf"; sourceTree = "<group>"; };
		BEDB8020F71B4E22924EFC78 /* Entypo.ttf */ = {isa = PBXFileReference; explicitFileType = undefined; fileEncoding = undefined; includeInIndex = 0; lastKnownFileType = unknown; name = Entypo.ttf; path = "../node_modules/native-base/Fonts/Entypo.ttf"; sourceTree = "<group>"; };
		BFBF502A7D3484E7651BB1E1 /* Pods-sPointsTests.debug.xcconfig */ = {isa = PBXFileReference; includeInIndex = 1; lastKnownFileType = text.xcconfig; name = "Pods-sPointsTests.debug.xcconfig"; path = "Target Support Files/Pods-sPointsTests/Pods-sPointsTests.debug.xcconfig"; sourceTree = "<group>"; };
		C25CCD9BBAAF4EA0A8FD78E3 /* EvilIcons.ttf */ = {isa = PBXFileReference; explicitFileType = undefined; fileEncoding = 9; includeInIndex = 0; lastKnownFileType = unknown; name = EvilIcons.ttf; path = "../node_modules/native-base/Fonts/EvilIcons.ttf"; sourceTree = "<group>"; };
		C6E88B7C7D231E1ED243DEEA /* libPods-sPoints-tvOS.a */ = {isa = PBXFileReference; explicitFileType = archive.ar; includeInIndex = 0; path = "libPods-sPoints-tvOS.a"; sourceTree = BUILT_PRODUCTS_DIR; };
		D1291F04240661A300ECBBAC /* FontAwesome5_Regular.ttf */ = {isa = PBXFileReference; lastKnownFileType = file; path = FontAwesome5_Regular.ttf; sourceTree = "<group>"; };
		D1291F05240661A300ECBBAC /* Feather.ttf */ = {isa = PBXFileReference; lastKnownFileType = file; path = Feather.ttf; sourceTree = "<group>"; };
		D1291F06240661A300ECBBAC /* Ionicons.ttf */ = {isa = PBXFileReference; lastKnownFileType = file; path = Ionicons.ttf; sourceTree = "<group>"; };
		D1291F07240661A300ECBBAC /* Fontisto.ttf */ = {isa = PBXFileReference; lastKnownFileType = file; path = Fontisto.ttf; sourceTree = "<group>"; };
		D1291F08240661A300ECBBAC /* SimpleLineIcons.ttf */ = {isa = PBXFileReference; lastKnownFileType = file; path = SimpleLineIcons.ttf; sourceTree = "<group>"; };
		D1291F09240661A300ECBBAC /* Entypo.ttf */ = {isa = PBXFileReference; lastKnownFileType = file; path = Entypo.ttf; sourceTree = "<group>"; };
		D1291F0A240661A300ECBBAC /* FontAwesome5_Brands.ttf */ = {isa = PBXFileReference; lastKnownFileType = file; path = FontAwesome5_Brands.ttf; sourceTree = "<group>"; };
		D1291F0B240661A300ECBBAC /* AntDesign.ttf */ = {isa = PBXFileReference; lastKnownFileType = file; path = AntDesign.ttf; sourceTree = "<group>"; };
		D1291F0C240661A300ECBBAC /* MaterialIcons.ttf */ = {isa = PBXFileReference; lastKnownFileType = file; path = MaterialIcons.ttf; sourceTree = "<group>"; };
		D1291F0D240661A300ECBBAC /* EvilIcons.ttf */ = {isa = PBXFileReference; lastKnownFileType = file; path = EvilIcons.ttf; sourceTree = "<group>"; };
		D1291F0E240661A300ECBBAC /* Octicons.ttf */ = {isa = PBXFileReference; lastKnownFileType = file; path = Octicons.ttf; sourceTree = "<group>"; };
		D1291F0F240661A300ECBBAC /* FontAwesome.ttf */ = {isa = PBXFileReference; lastKnownFileType = file; path = FontAwesome.ttf; sourceTree = "<group>"; };
		D1291F10240661A300ECBBAC /* Foundation.ttf */ = {isa = PBXFileReference; lastKnownFileType = file; path = Foundation.ttf; sourceTree = "<group>"; };
		D1291F11240661A300ECBBAC /* Zocial.ttf */ = {isa = PBXFileReference; lastKnownFileType = file; path = Zocial.ttf; sourceTree = "<group>"; };
		D1291F12240661A300ECBBAC /* FontAwesome5_Solid.ttf */ = {isa = PBXFileReference; lastKnownFileType = file; path = FontAwesome5_Solid.ttf; sourceTree = "<group>"; };
		D1291F13240661A300ECBBAC /* MaterialCommunityIcons.ttf */ = {isa = PBXFileReference; lastKnownFileType = file; path = MaterialCommunityIcons.ttf; sourceTree = "<group>"; };
		D1EBD6FAD4F74770986E30B9 /* Zocial.ttf */ = {isa = PBXFileReference; explicitFileType = undefined; fileEncoding = 9; includeInIndex = 0; lastKnownFileType = unknown; name = Zocial.ttf; path = "../node_modules/native-base/Fonts/Zocial.ttf"; sourceTree = "<group>"; };
		D686E3BD9681402C8B9DCDCF /* MaterialCommunityIcons.ttf */ = {isa = PBXFileReference; explicitFileType = undefined; fileEncoding = 9; includeInIndex = 0; lastKnownFileType = unknown; name = MaterialCommunityIcons.ttf; path = "../node_modules/react-native-vector-icons/Fonts/MaterialCommunityIcons.ttf"; sourceTree = "<group>"; };
		D6A10AE48A38460B9C3FD85A /* MaterialCommunityIcons.ttf */ = {isa = PBXFileReference; explicitFileType = undefined; fileEncoding = undefined; includeInIndex = 0; lastKnownFileType = unknown; name = MaterialCommunityIcons.ttf; path = "../node_modules/native-base/Fonts/MaterialCommunityIcons.ttf"; sourceTree = "<group>"; };
		D9860FEA68BE45689DC66451 /* MaterialIcons.ttf */ = {isa = PBXFileReference; explicitFileType = undefined; fileEncoding = 9; includeInIndex = 0; lastKnownFileType = unknown; name = MaterialIcons.ttf; path = "../node_modules/native-base/Fonts/MaterialIcons.ttf"; sourceTree = "<group>"; };
		DAA68D4EF4974C629F2C81EE /* Fontisto.ttf */ = {isa = PBXFileReference; explicitFileType = undefined; fileEncoding = 9; includeInIndex = 0; lastKnownFileType = unknown; name = Fontisto.ttf; path = "../node_modules/react-native-vector-icons/Fonts/Fontisto.ttf"; sourceTree = "<group>"; };
		ED297162215061F000B7C4FE /* JavaScriptCore.framework */ = {isa = PBXFileReference; lastKnownFileType = wrapper.framework; name = JavaScriptCore.framework; path = System/Library/Frameworks/JavaScriptCore.framework; sourceTree = SDKROOT; };
		ED2971642150620600B7C4FE /* JavaScriptCore.framework */ = {isa = PBXFileReference; lastKnownFileType = wrapper.framework; name = JavaScriptCore.framework; path = Platforms/AppleTVOS.platform/Developer/SDKs/AppleTVOS12.0.sdk/System/Library/Frameworks/JavaScriptCore.framework; sourceTree = DEVELOPER_DIR; };
		F5335A72FF854255A37D7C89 /* FontAwesome5_Brands.ttf */ = {isa = PBXFileReference; explicitFileType = undefined; fileEncoding = 9; includeInIndex = 0; lastKnownFileType = unknown; name = FontAwesome5_Brands.ttf; path = "../node_modules/native-base/Fonts/FontAwesome5_Brands.ttf"; sourceTree = "<group>"; };
		F8B475BAD79249AC86C32786 /* Feather.ttf */ = {isa = PBXFileReference; explicitFileType = undefined; fileEncoding = 9; includeInIndex = 0; lastKnownFileType = unknown; name = Feather.ttf; path = "../node_modules/native-base/Fonts/Feather.ttf"; sourceTree = "<group>"; };
		F964905D3D404234B9661B10 /* Fontisto.ttf */ = {isa = PBXFileReference; explicitFileType = undefined; fileEncoding = undefined; includeInIndex = 0; lastKnownFileType = unknown; name = Fontisto.ttf; path = "../node_modules/native-base/Fonts/Fontisto.ttf"; sourceTree = "<group>"; };
		FA81EA5FFF9D3A05580F9E80 /* Pods-sPoints-tvOS.debug.xcconfig */ = {isa = PBXFileReference; includeInIndex = 1; lastKnownFileType = text.xcconfig; name = "Pods-sPoints-tvOS.debug.xcconfig"; path = "Target Support Files/Pods-sPoints-tvOS/Pods-sPoints-tvOS.debug.xcconfig"; sourceTree = "<group>"; };
		FE669E53BDD54B8BA1BB97CD /* Roboto.ttf */ = {isa = PBXFileReference; explicitFileType = undefined; fileEncoding = 9; includeInIndex = 0; lastKnownFileType = unknown; name = Roboto.ttf; path = "../node_modules/native-base/Fonts/Roboto.ttf"; sourceTree = "<group>"; };
/* End PBXFileReference section */

/* Begin PBXFrameworksBuildPhase section */
		00E356EB1AD99517003FC87E /* Frameworks */ = {
			isa = PBXFrameworksBuildPhase;
			buildActionMask = 2147483647;
			files = (
				C56E40FACA6CB9DFF782B129 /* libPods-sPointsTests.a in Frameworks */,
			);
			runOnlyForDeploymentPostprocessing = 0;
		};
		13B07F8C1A680F5B00A75B9A /* Frameworks */ = {
			isa = PBXFrameworksBuildPhase;
			buildActionMask = 2147483647;
			files = (
				4D6BCF733857F1A222388C34 /* libPods-sPoints.a in Frameworks */,
			);
			runOnlyForDeploymentPostprocessing = 0;
		};
		2D02E4781E0B4A5D006451C7 /* Frameworks */ = {
			isa = PBXFrameworksBuildPhase;
			buildActionMask = 2147483647;
			files = (
				C0851842DB13C04E5FE1C790 /* libPods-sPoints-tvOS.a in Frameworks */,
			);
			runOnlyForDeploymentPostprocessing = 0;
		};
		2D02E48D1E0B4A5D006451C7 /* Frameworks */ = {
			isa = PBXFrameworksBuildPhase;
			buildActionMask = 2147483647;
			files = (
				BC56C3738A5EAEE61AC809EB /* libPods-sPoints-tvOSTests.a in Frameworks */,
			);
			runOnlyForDeploymentPostprocessing = 0;
		};
/* End PBXFrameworksBuildPhase section */

/* Begin PBXGroup section */
		00E356EF1AD99517003FC87E /* sPointsTests */ = {
			isa = PBXGroup;
			children = (
				00E356F21AD99517003FC87E /* sPointsTests.m */,
				00E356F01AD99517003FC87E /* Supporting Files */,
			);
			path = sPointsTests;
			sourceTree = "<group>";
		};
		00E356F01AD99517003FC87E /* Supporting Files */ = {
			isa = PBXGroup;
			children = (
				00E356F11AD99517003FC87E /* Info.plist */,
			);
			name = "Supporting Files";
			sourceTree = "<group>";
		};
		07B06950C2174695860DE6C6 /* Resources */ = {
			isa = PBXGroup;
			children = (
				BB5AF293D3D94CFEA2471161 /* Ionicons.ttf */,
				3B1DF09C53C34E1480360EC1 /* AntDesign.ttf */,
				C25CCD9BBAAF4EA0A8FD78E3 /* EvilIcons.ttf */,
				F8B475BAD79249AC86C32786 /* Feather.ttf */,
				F5335A72FF854255A37D7C89 /* FontAwesome5_Brands.ttf */,
				584A9B939F9D440FB8489E3D /* FontAwesome5_Solid.ttf */,
				D9860FEA68BE45689DC66451 /* MaterialIcons.ttf */,
				6F2220FCA2F74BD2878122D8 /* Roboto_medium.ttf */,
				FE669E53BDD54B8BA1BB97CD /* Roboto.ttf */,
				581DEFF7769B4EA184592C1B /* rubicon-icon-font.ttf */,
				48109D0E7C574E5DADD7620D /* SimpleLineIcons.ttf */,
				D1EBD6FAD4F74770986E30B9 /* Zocial.ttf */,
				B5211C4B33564075A147D5EF /* Entypo.ttf */,
				791CA760831D4B45BB918825 /* FontAwesome.ttf */,
				9B38DC40B7EA4D46A2194F9C /* FontAwesome5_Regular.ttf */,
				DAA68D4EF4974C629F2C81EE /* Fontisto.ttf */,
				8E987D45494C4B9AA738694A /* Foundation.ttf */,
				D686E3BD9681402C8B9DCDCF /* MaterialCommunityIcons.ttf */,
				9D89B0DB51424913B315F1A6 /* Octicons.ttf */,
				BEDB8020F71B4E22924EFC78 /* Entypo.ttf */,
				0AD2D9F1CE4C4804A2387411 /* FontAwesome.ttf */,
				B14D19D87DED4CC08C4D7365 /* FontAwesome5_Regular.ttf */,
				F964905D3D404234B9661B10 /* Fontisto.ttf */,
				1D6765DA320B47EA86D028B8 /* Foundation.ttf */,
				892FC933C8364C82B1BAEE75 /* Ionicons.ttf */,
				D6A10AE48A38460B9C3FD85A /* MaterialCommunityIcons.ttf */,
				2CB81EE86A144477A80CE620 /* Octicons.ttf */,
			);
			name = Resources;
			sourceTree = "<group>";
		};
		13B07FAE1A68108700A75B9A /* sPoints */ = {
			isa = PBXGroup;
			children = (
				D1291F032406600400ECBBAC /* Fonts */,
				008F07F21AC5B25A0029DE68 /* main.jsbundle */,
				13B07FAF1A68108700A75B9A /* AppDelegate.h */,
				13B07FB01A68108700A75B9A /* AppDelegate.m */,
				13B07FB51A68108700A75B9A /* Images.xcassets */,
				13B07FB61A68108700A75B9A /* Info.plist */,
				13B07FB11A68108700A75B9A /* LaunchScreen.xib */,
				13B07FB71A68108700A75B9A /* main.m */,
			);
			name = sPoints;
			sourceTree = "<group>";
		};
		2D16E6871FA4F8E400B85C8A /* Frameworks */ = {
			isa = PBXGroup;
			children = (
				ED297162215061F000B7C4FE /* JavaScriptCore.framework */,
				ED2971642150620600B7C4FE /* JavaScriptCore.framework */,
				758AD4E2F79C53DB442C8ACD /* libPods-sPoints.a */,
				C6E88B7C7D231E1ED243DEEA /* libPods-sPoints-tvOS.a */,
				65CEB826D389419330C45B12 /* libPods-sPoints-tvOSTests.a */,
				9D1853689CA8188FE4C763AB /* libPods-sPointsTests.a */,
			);
			name = Frameworks;
			sourceTree = "<group>";
		};
		832341AE1AAA6A7D00B99B32 /* Libraries */ = {
			isa = PBXGroup;
			children = (
			);
			name = Libraries;
			sourceTree = "<group>";
		};
		83CBB9F61A601CBA00E9B192 = {
			isa = PBXGroup;
			children = (
				13B07FAE1A68108700A75B9A /* sPoints */,
				832341AE1AAA6A7D00B99B32 /* Libraries */,
				00E356EF1AD99517003FC87E /* sPointsTests */,
				83CBBA001A601CBA00E9B192 /* Products */,
				2D16E6871FA4F8E400B85C8A /* Frameworks */,
				AFDF08C950BAB502BC63C1EA /* Pods */,
				07B06950C2174695860DE6C6 /* Resources */,
			);
			indentWidth = 2;
			sourceTree = "<group>";
			tabWidth = 2;
			usesTabs = 0;
		};
		83CBBA001A601CBA00E9B192 /* Products */ = {
			isa = PBXGroup;
			children = (
				13B07F961A680F5B00A75B9A /* sPoints.app */,
				00E356EE1AD99517003FC87E /* sPointsTests.xctest */,
				2D02E47B1E0B4A5D006451C7 /* sPoints-tvOS.app */,
				2D02E4901E0B4A5D006451C7 /* sPoints-tvOSTests.xctest */,
			);
			name = Products;
			sourceTree = "<group>";
		};
		AFDF08C950BAB502BC63C1EA /* Pods */ = {
			isa = PBXGroup;
			children = (
				B88BA8B4E7E6128D200EDE80 /* Pods-sPoints.debug.xcconfig */,
				3AEDCFE2B19194A5F9948F2F /* Pods-sPoints.release.xcconfig */,
				FA81EA5FFF9D3A05580F9E80 /* Pods-sPoints-tvOS.debug.xcconfig */,
				1AF8CD4CDB11CD1F769018BE /* Pods-sPoints-tvOS.release.xcconfig */,
				44142001A240665AF77CBE74 /* Pods-sPoints-tvOSTests.debug.xcconfig */,
				00EB8FDE5325A7884386A121 /* Pods-sPoints-tvOSTests.release.xcconfig */,
				BFBF502A7D3484E7651BB1E1 /* Pods-sPointsTests.debug.xcconfig */,
				515FC319D39069A8388DC304 /* Pods-sPointsTests.release.xcconfig */,
			);
			path = Pods;
			sourceTree = "<group>";
		};
		D1291F032406600400ECBBAC /* Fonts */ = {
			isa = PBXGroup;
			children = (
				D1291F0B240661A300ECBBAC /* AntDesign.ttf */,
				D1291F09240661A300ECBBAC /* Entypo.ttf */,
				D1291F0D240661A300ECBBAC /* EvilIcons.ttf */,
				D1291F05240661A300ECBBAC /* Feather.ttf */,
				D1291F0F240661A300ECBBAC /* FontAwesome.ttf */,
				D1291F0A240661A300ECBBAC /* FontAwesome5_Brands.ttf */,
				D1291F04240661A300ECBBAC /* FontAwesome5_Regular.ttf */,
				D1291F12240661A300ECBBAC /* FontAwesome5_Solid.ttf */,
				D1291F07240661A300ECBBAC /* Fontisto.ttf */,
				D1291F10240661A300ECBBAC /* Foundation.ttf */,
				D1291F06240661A300ECBBAC /* Ionicons.ttf */,
				D1291F13240661A300ECBBAC /* MaterialCommunityIcons.ttf */,
				D1291F0C240661A300ECBBAC /* MaterialIcons.ttf */,
				D1291F0E240661A300ECBBAC /* Octicons.ttf */,
				D1291F08240661A300ECBBAC /* SimpleLineIcons.ttf */,
				D1291F11240661A300ECBBAC /* Zocial.ttf */,
			);
			path = Fonts;
			sourceTree = "<group>";
		};
/* End PBXGroup section */

/* Begin PBXNativeTarget section */
		00E356ED1AD99517003FC87E /* sPointsTests */ = {
			isa = PBXNativeTarget;
			buildConfigurationList = 00E357021AD99517003FC87E /* Build configuration list for PBXNativeTarget "sPointsTests" */;
			buildPhases = (
				F0917E46E0D1043044DBE397 /* [CP] Check Pods Manifest.lock */,
				00E356EA1AD99517003FC87E /* Sources */,
				00E356EB1AD99517003FC87E /* Frameworks */,
				00E356EC1AD99517003FC87E /* Resources */,
			);
			buildRules = (
			);
			dependencies = (
				00E356F51AD99517003FC87E /* PBXTargetDependency */,
			);
			name = sPointsTests;
			productName = sPointsTests;
			productReference = 00E356EE1AD99517003FC87E /* sPointsTests.xctest */;
			productType = "com.apple.product-type.bundle.unit-test";
		};
		13B07F861A680F5B00A75B9A /* sPoints */ = {
			isa = PBXNativeTarget;
			buildConfigurationList = 13B07F931A680F5B00A75B9A /* Build configuration list for PBXNativeTarget "sPoints" */;
			buildPhases = (
				6B7350B124413AF3A8BEB57F /* [CP] Check Pods Manifest.lock */,
				FD10A7F022414F080027D42C /* Start Packager */,
				13B07F871A680F5B00A75B9A /* Sources */,
				13B07F8C1A680F5B00A75B9A /* Frameworks */,
				13B07F8E1A680F5B00A75B9A /* Resources */,
				00DD1BFF1BD5951E006B06BC /* Bundle React Native code and images */,
				C3BD6CEA907B28495040C4E1 /* [CP] Copy Pods Resources */,
			);
			buildRules = (
			);
			dependencies = (
			);
			name = sPoints;
			productName = sPoints;
			productReference = 13B07F961A680F5B00A75B9A /* sPoints.app */;
			productType = "com.apple.product-type.application";
		};
		2D02E47A1E0B4A5D006451C7 /* sPoints-tvOS */ = {
			isa = PBXNativeTarget;
			buildConfigurationList = 2D02E4BA1E0B4A5E006451C7 /* Build configuration list for PBXNativeTarget "sPoints-tvOS" */;
			buildPhases = (
				0C1E35F0BB15FD81EC0B608C /* [CP] Check Pods Manifest.lock */,
				FD10A7F122414F3F0027D42C /* Start Packager */,
				2D02E4771E0B4A5D006451C7 /* Sources */,
				2D02E4781E0B4A5D006451C7 /* Frameworks */,
				2D02E4791E0B4A5D006451C7 /* Resources */,
				2D02E4CB1E0B4B27006451C7 /* Bundle React Native Code And Images */,
			);
			buildRules = (
			);
			dependencies = (
			);
			name = "sPoints-tvOS";
			productName = "sPoints-tvOS";
			productReference = 2D02E47B1E0B4A5D006451C7 /* sPoints-tvOS.app */;
			productType = "com.apple.product-type.application";
		};
		2D02E48F1E0B4A5D006451C7 /* sPoints-tvOSTests */ = {
			isa = PBXNativeTarget;
			buildConfigurationList = 2D02E4BB1E0B4A5E006451C7 /* Build configuration list for PBXNativeTarget "sPoints-tvOSTests" */;
			buildPhases = (
				0F33877F6E00F864013E8203 /* [CP] Check Pods Manifest.lock */,
				2D02E48C1E0B4A5D006451C7 /* Sources */,
				2D02E48D1E0B4A5D006451C7 /* Frameworks */,
				2D02E48E1E0B4A5D006451C7 /* Resources */,
			);
			buildRules = (
			);
			dependencies = (
				2D02E4921E0B4A5D006451C7 /* PBXTargetDependency */,
			);
			name = "sPoints-tvOSTests";
			productName = "sPoints-tvOSTests";
			productReference = 2D02E4901E0B4A5D006451C7 /* sPoints-tvOSTests.xctest */;
			productType = "com.apple.product-type.bundle.unit-test";
		};
/* End PBXNativeTarget section */

/* Begin PBXProject section */
		83CBB9F71A601CBA00E9B192 /* Project object */ = {
			isa = PBXProject;
			attributes = {
				LastUpgradeCheck = 940;
				ORGANIZATIONNAME = Facebook;
				TargetAttributes = {
					00E356ED1AD99517003FC87E = {
						CreatedOnToolsVersion = 6.2;
						TestTargetID = 13B07F861A680F5B00A75B9A;
					};
					2D02E47A1E0B4A5D006451C7 = {
						CreatedOnToolsVersion = 8.2.1;
						ProvisioningStyle = Automatic;
					};
					2D02E48F1E0B4A5D006451C7 = {
						CreatedOnToolsVersion = 8.2.1;
						ProvisioningStyle = Automatic;
						TestTargetID = 2D02E47A1E0B4A5D006451C7;
					};
				};
			};
			buildConfigurationList = 83CBB9FA1A601CBA00E9B192 /* Build configuration list for PBXProject "sPoints" */;
			compatibilityVersion = "Xcode 3.2";
			developmentRegion = en;
			hasScannedForEncodings = 0;
			knownRegions = (
				en,
				Base,
			);
			mainGroup = 83CBB9F61A601CBA00E9B192;
			productRefGroup = 83CBBA001A601CBA00E9B192 /* Products */;
			projectDirPath = "";
			projectRoot = "";
			targets = (
				13B07F861A680F5B00A75B9A /* sPoints */,
				00E356ED1AD99517003FC87E /* sPointsTests */,
				2D02E47A1E0B4A5D006451C7 /* sPoints-tvOS */,
				2D02E48F1E0B4A5D006451C7 /* sPoints-tvOSTests */,
			);
		};
/* End PBXProject section */

/* Begin PBXResourcesBuildPhase section */
		00E356EC1AD99517003FC87E /* Resources */ = {
			isa = PBXResourcesBuildPhase;
			buildActionMask = 2147483647;
			files = (
				D1291F4D240661A300ECBBAC /* FontAwesome5_Solid.ttf in Resources */,
				D1291F3D240661A300ECBBAC /* Octicons.ttf in Resources */,
				D1291F19240661A300ECBBAC /* Feather.ttf in Resources */,
				D1291F29240661A300ECBBAC /* Entypo.ttf in Resources */,
				D1291F15240661A300ECBBAC /* FontAwesome5_Regular.ttf in Resources */,
				D1291F39240661A300ECBBAC /* EvilIcons.ttf in Resources */,
				D1291F51240661A300ECBBAC /* MaterialCommunityIcons.ttf in Resources */,
				D1291F25240661A300ECBBAC /* SimpleLineIcons.ttf in Resources */,
				D1291F49240661A300ECBBAC /* Zocial.ttf in Resources */,
				D1291F21240661A300ECBBAC /* Fontisto.ttf in Resources */,
				D1291F35240661A300ECBBAC /* MaterialIcons.ttf in Resources */,
				D1291F2D240661A300ECBBAC /* FontAwesome5_Brands.ttf in Resources */,
				D1291F45240661A300ECBBAC /* Foundation.ttf in Resources */,
				D1291F31240661A300ECBBAC /* AntDesign.ttf in Resources */,
				D1291F1D240661A300ECBBAC /* Ionicons.ttf in Resources */,
				D1291F41240661A300ECBBAC /* FontAwesome.ttf in Resources */,
			);
			runOnlyForDeploymentPostprocessing = 0;
		};
		13B07F8E1A680F5B00A75B9A /* Resources */ = {
			isa = PBXResourcesBuildPhase;
			buildActionMask = 2147483647;
			files = (
				D1291F30240661A300ECBBAC /* AntDesign.ttf in Resources */,
				D1291F50240661A300ECBBAC /* MaterialCommunityIcons.ttf in Resources */,
				D1291F20240661A300ECBBAC /* Fontisto.ttf in Resources */,
				D1291F48240661A300ECBBAC /* Zocial.ttf in Resources */,
				D1291F28240661A300ECBBAC /* Entypo.ttf in Resources */,
				D1291F44240661A300ECBBAC /* Foundation.ttf in Resources */,
				D1291F4C240661A300ECBBAC /* FontAwesome5_Solid.ttf in Resources */,
				D1291F14240661A300ECBBAC /* FontAwesome5_Regular.ttf in Resources */,
				D1291F18240661A300ECBBAC /* Feather.ttf in Resources */,
				D1291F1C240661A300ECBBAC /* Ionicons.ttf in Resources */,
				D1291F34240661A300ECBBAC /* MaterialIcons.ttf in Resources */,
				13B07FBF1A68108700A75B9A /* Images.xcassets in Resources */,
				13B07FBD1A68108700A75B9A /* LaunchScreen.xib in Resources */,
				5D3B6AB4717C483FA5DAC72A /* Roboto_medium.ttf in Resources */,
				D1291F3C240661A300ECBBAC /* Octicons.ttf in Resources */,
				D1291F24240661A300ECBBAC /* SimpleLineIcons.ttf in Resources */,
				D1291F2C240661A300ECBBAC /* FontAwesome5_Brands.ttf in Resources */,
				3E77EA216BE9485083D2A375 /* Roboto.ttf in Resources */,
				D1291F38240661A300ECBBAC /* EvilIcons.ttf in Resources */,
				32E84ABA75D7418DB3B2A173 /* rubicon-icon-font.ttf in Resources */,
				D1291F40240661A300ECBBAC /* FontAwesome.ttf in Resources */,
				937751C326B3465582E6D529 /* Entypo.ttf in Resources */,
				028B564AD7CA4CD6945234D8 /* FontAwesome.ttf in Resources */,
				17CF247CF95D4A29B1B5B31C /* FontAwesome5_Regular.ttf in Resources */,
				A422607FBB05443F92A91191 /* Fontisto.ttf in Resources */,
				FB4B55F84B0A4892A9987121 /* Foundation.ttf in Resources */,
				B88484CCEB294E33AC797094 /* Ionicons.ttf in Resources */,
				BD04F39D5B26467EAA69151D /* MaterialCommunityIcons.ttf in Resources */,
				DEB284CEE59B4D8BAA04D836 /* Octicons.ttf in Resources */,
			);
			runOnlyForDeploymentPostprocessing = 0;
		};
		2D02E4791E0B4A5D006451C7 /* Resources */ = {
			isa = PBXResourcesBuildPhase;
			buildActionMask = 2147483647;
			files = (
				D1291F16240661A300ECBBAC /* FontAwesome5_Regular.ttf in Resources */,
				D1291F46240661A300ECBBAC /* Foundation.ttf in Resources */,
				D1291F42240661A300ECBBAC /* FontAwesome.ttf in Resources */,
				D1291F3A240661A300ECBBAC /* EvilIcons.ttf in Resources */,
				D1291F2E240661A300ECBBAC /* FontAwesome5_Brands.ttf in Resources */,
				D1291F36240661A300ECBBAC /* MaterialIcons.ttf in Resources */,
				D1291F2A240661A300ECBBAC /* Entypo.ttf in Resources */,
				D1291F4A240661A300ECBBAC /* Zocial.ttf in Resources */,
				2D02E4BD1E0B4A84006451C7 /* Images.xcassets in Resources */,
				D1291F4E240661A300ECBBAC /* FontAwesome5_Solid.ttf in Resources */,
				D1291F22240661A300ECBBAC /* Fontisto.ttf in Resources */,
				D1291F1E240661A300ECBBAC /* Ionicons.ttf in Resources */,
				D1291F32240661A300ECBBAC /* AntDesign.ttf in Resources */,
				D1291F52240661A300ECBBAC /* MaterialCommunityIcons.ttf in Resources */,
				D1291F1A240661A300ECBBAC /* Feather.ttf in Resources */,
				D1291F3E240661A300ECBBAC /* Octicons.ttf in Resources */,
				D1291F26240661A300ECBBAC /* SimpleLineIcons.ttf in Resources */,
			);
			runOnlyForDeploymentPostprocessing = 0;
		};
		2D02E48E1E0B4A5D006451C7 /* Resources */ = {
			isa = PBXResourcesBuildPhase;
			buildActionMask = 2147483647;
			files = (
				D1291F4F240661A300ECBBAC /* FontAwesome5_Solid.ttf in Resources */,
				D1291F3F240661A300ECBBAC /* Octicons.ttf in Resources */,
				D1291F1B240661A300ECBBAC /* Feather.ttf in Resources */,
				D1291F2B240661A300ECBBAC /* Entypo.ttf in Resources */,
				D1291F17240661A300ECBBAC /* FontAwesome5_Regular.ttf in Resources */,
				D1291F3B240661A300ECBBAC /* EvilIcons.ttf in Resources */,
				D1291F53240661A300ECBBAC /* MaterialCommunityIcons.ttf in Resources */,
				D1291F27240661A300ECBBAC /* SimpleLineIcons.ttf in Resources */,
				D1291F4B240661A300ECBBAC /* Zocial.ttf in Resources */,
				D1291F23240661A300ECBBAC /* Fontisto.ttf in Resources */,
				D1291F37240661A300ECBBAC /* MaterialIcons.ttf in Resources */,
				D1291F2F240661A300ECBBAC /* FontAwesome5_Brands.ttf in Resources */,
				D1291F47240661A300ECBBAC /* Foundation.ttf in Resources */,
				D1291F33240661A300ECBBAC /* AntDesign.ttf in Resources */,
				D1291F1F240661A300ECBBAC /* Ionicons.ttf in Resources */,
				D1291F43240661A300ECBBAC /* FontAwesome.ttf in Resources */,
			);
			runOnlyForDeploymentPostprocessing = 0;
		};
/* End PBXResourcesBuildPhase section */

/* Begin PBXShellScriptBuildPhase section */
		00DD1BFF1BD5951E006B06BC /* Bundle React Native code and images */ = {
			isa = PBXShellScriptBuildPhase;
			buildActionMask = 2147483647;
			files = (
			);
			inputPaths = (
			);
			name = "Bundle React Native code and images";
			outputPaths = (
			);
			runOnlyForDeploymentPostprocessing = 0;
			shellPath = /bin/sh;
			shellScript = "export NODE_BINARY=node\n../node_modules/react-native/scripts/react-native-xcode.sh";
		};
		0C1E35F0BB15FD81EC0B608C /* [CP] Check Pods Manifest.lock */ = {
			isa = PBXShellScriptBuildPhase;
			buildActionMask = 2147483647;
			files = (
			);
			inputFileListPaths = (
			);
			inputPaths = (
				"${PODS_PODFILE_DIR_PATH}/Podfile.lock",
				"${PODS_ROOT}/Manifest.lock",
			);
			name = "[CP] Check Pods Manifest.lock";
			outputFileListPaths = (
			);
			outputPaths = (
				"$(DERIVED_FILE_DIR)/Pods-sPoints-tvOS-checkManifestLockResult.txt",
			);
			runOnlyForDeploymentPostprocessing = 0;
			shellPath = /bin/sh;
			shellScript = "diff \"${PODS_PODFILE_DIR_PATH}/Podfile.lock\" \"${PODS_ROOT}/Manifest.lock\" > /dev/null\nif [ $? != 0 ] ; then\n    # print error to STDERR\n    echo \"error: The sandbox is not in sync with the Podfile.lock. Run 'pod install' or update your CocoaPods installation.\" >&2\n    exit 1\nfi\n# This output is used by Xcode 'outputs' to avoid re-running this script phase.\necho \"SUCCESS\" > \"${SCRIPT_OUTPUT_FILE_0}\"\n";
			showEnvVarsInLog = 0;
		};
		0F33877F6E00F864013E8203 /* [CP] Check Pods Manifest.lock */ = {
			isa = PBXShellScriptBuildPhase;
			buildActionMask = 2147483647;
			files = (
			);
			inputFileListPaths = (
			);
			inputPaths = (
				"${PODS_PODFILE_DIR_PATH}/Podfile.lock",
				"${PODS_ROOT}/Manifest.lock",
			);
			name = "[CP] Check Pods Manifest.lock";
			outputFileListPaths = (
			);
			outputPaths = (
				"$(DERIVED_FILE_DIR)/Pods-sPoints-tvOSTests-checkManifestLockResult.txt",
			);
			runOnlyForDeploymentPostprocessing = 0;
			shellPath = /bin/sh;
			shellScript = "diff \"${PODS_PODFILE_DIR_PATH}/Podfile.lock\" \"${PODS_ROOT}/Manifest.lock\" > /dev/null\nif [ $? != 0 ] ; then\n    # print error to STDERR\n    echo \"error: The sandbox is not in sync with the Podfile.lock. Run 'pod install' or update your CocoaPods installation.\" >&2\n    exit 1\nfi\n# This output is used by Xcode 'outputs' to avoid re-running this script phase.\necho \"SUCCESS\" > \"${SCRIPT_OUTPUT_FILE_0}\"\n";
			showEnvVarsInLog = 0;
		};
		2D02E4CB1E0B4B27006451C7 /* Bundle React Native Code And Images */ = {
			isa = PBXShellScriptBuildPhase;
			buildActionMask = 2147483647;
			files = (
			);
			inputPaths = (
			);
			name = "Bundle React Native Code And Images";
			outputPaths = (
			);
			runOnlyForDeploymentPostprocessing = 0;
			shellPath = /bin/sh;
			shellScript = "export NODE_BINARY=node\n../node_modules/react-native/scripts/react-native-xcode.sh";
		};
		6B7350B124413AF3A8BEB57F /* [CP] Check Pods Manifest.lock */ = {
			isa = PBXShellScriptBuildPhase;
			buildActionMask = 2147483647;
			files = (
			);
			inputFileListPaths = (
			);
			inputPaths = (
				"${PODS_PODFILE_DIR_PATH}/Podfile.lock",
				"${PODS_ROOT}/Manifest.lock",
			);
			name = "[CP] Check Pods Manifest.lock";
			outputFileListPaths = (
			);
			outputPaths = (
				"$(DERIVED_FILE_DIR)/Pods-sPoints-checkManifestLockResult.txt",
			);
			runOnlyForDeploymentPostprocessing = 0;
			shellPath = /bin/sh;
			shellScript = "diff \"${PODS_PODFILE_DIR_PATH}/Podfile.lock\" \"${PODS_ROOT}/Manifest.lock\" > /dev/null\nif [ $? != 0 ] ; then\n    # print error to STDERR\n    echo \"error: The sandbox is not in sync with the Podfile.lock. Run 'pod install' or update your CocoaPods installation.\" >&2\n    exit 1\nfi\n# This output is used by Xcode 'outputs' to avoid re-running this script phase.\necho \"SUCCESS\" > \"${SCRIPT_OUTPUT_FILE_0}\"\n";
			showEnvVarsInLog = 0;
		};
		C3BD6CEA907B28495040C4E1 /* [CP] Copy Pods Resources */ = {
			isa = PBXShellScriptBuildPhase;
			buildActionMask = 2147483647;
			files = (
			);
			inputPaths = (
				"${PODS_ROOT}/Target Support Files/Pods-sPoints/Pods-sPoints-resources.sh",
				"${PODS_CONFIGURATION_BUILD_DIR}/RNImageCropPicker/QBImagePicker.bundle",
				"${PODS_ROOT}/../../node_modules/react-native-vector-icons/Fonts/AntDesign.ttf",
				"${PODS_ROOT}/../../node_modules/react-native-vector-icons/Fonts/Entypo.ttf",
				"${PODS_ROOT}/../../node_modules/react-native-vector-icons/Fonts/EvilIcons.ttf",
				"${PODS_ROOT}/../../node_modules/react-native-vector-icons/Fonts/Feather.ttf",
				"${PODS_ROOT}/../../node_modules/react-native-vector-icons/Fonts/FontAwesome.ttf",
				"${PODS_ROOT}/../../node_modules/react-native-vector-icons/Fonts/FontAwesome5_Brands.ttf",
				"${PODS_ROOT}/../../node_modules/react-native-vector-icons/Fonts/FontAwesome5_Regular.ttf",
				"${PODS_ROOT}/../../node_modules/react-native-vector-icons/Fonts/FontAwesome5_Solid.ttf",
				"${PODS_ROOT}/../../node_modules/react-native-vector-icons/Fonts/Fontisto.ttf",
				"${PODS_ROOT}/../../node_modules/react-native-vector-icons/Fonts/Foundation.ttf",
				"${PODS_ROOT}/../../node_modules/react-native-vector-icons/Fonts/Ionicons.ttf",
				"${PODS_ROOT}/../../node_modules/react-native-vector-icons/Fonts/MaterialCommunityIcons.ttf",
				"${PODS_ROOT}/../../node_modules/react-native-vector-icons/Fonts/MaterialIcons.ttf",
				"${PODS_ROOT}/../../node_modules/react-native-vector-icons/Fonts/Octicons.ttf",
				"${PODS_ROOT}/../../node_modules/react-native-vector-icons/Fonts/SimpleLineIcons.ttf",
				"${PODS_ROOT}/../../node_modules/react-native-vector-icons/Fonts/Zocial.ttf",
				"${PODS_ROOT}/RSKImageCropper/RSKImageCropper/RSKImageCropperStrings.bundle",
			);
			name = "[CP] Copy Pods Resources";
			outputPaths = (
				"${TARGET_BUILD_DIR}/${UNLOCALIZED_RESOURCES_FOLDER_PATH}/QBImagePicker.bundle",
				"${TARGET_BUILD_DIR}/${UNLOCALIZED_RESOURCES_FOLDER_PATH}/AntDesign.ttf",
				"${TARGET_BUILD_DIR}/${UNLOCALIZED_RESOURCES_FOLDER_PATH}/Entypo.ttf",
				"${TARGET_BUILD_DIR}/${UNLOCALIZED_RESOURCES_FOLDER_PATH}/EvilIcons.ttf",
				"${TARGET_BUILD_DIR}/${UNLOCALIZED_RESOURCES_FOLDER_PATH}/Feather.ttf",
				"${TARGET_BUILD_DIR}/${UNLOCALIZED_RESOURCES_FOLDER_PATH}/FontAwesome.ttf",
				"${TARGET_BUILD_DIR}/${UNLOCALIZED_RESOURCES_FOLDER_PATH}/FontAwesome5_Brands.ttf",
				"${TARGET_BUILD_DIR}/${UNLOCALIZED_RESOURCES_FOLDER_PATH}/FontAwesome5_Regular.ttf",
				"${TARGET_BUILD_DIR}/${UNLOCALIZED_RESOURCES_FOLDER_PATH}/FontAwesome5_Solid.ttf",
				"${TARGET_BUILD_DIR}/${UNLOCALIZED_RESOURCES_FOLDER_PATH}/Fontisto.ttf",
				"${TARGET_BUILD_DIR}/${UNLOCALIZED_RESOURCES_FOLDER_PATH}/Foundation.ttf",
				"${TARGET_BUILD_DIR}/${UNLOCALIZED_RESOURCES_FOLDER_PATH}/Ionicons.ttf",
				"${TARGET_BUILD_DIR}/${UNLOCALIZED_RESOURCES_FOLDER_PATH}/MaterialCommunityIcons.ttf",
				"${TARGET_BUILD_DIR}/${UNLOCALIZED_RESOURCES_FOLDER_PATH}/MaterialIcons.ttf",
				"${TARGET_BUILD_DIR}/${UNLOCALIZED_RESOURCES_FOLDER_PATH}/Octicons.ttf",
				"${TARGET_BUILD_DIR}/${UNLOCALIZED_RESOURCES_FOLDER_PATH}/SimpleLineIcons.ttf",
				"${TARGET_BUILD_DIR}/${UNLOCALIZED_RESOURCES_FOLDER_PATH}/Zocial.ttf",
				"${TARGET_BUILD_DIR}/${UNLOCALIZED_RESOURCES_FOLDER_PATH}/RSKImageCropperStrings.bundle",
			);
			runOnlyForDeploymentPostprocessing = 0;
			shellPath = /bin/sh;
			shellScript = "\"${PODS_ROOT}/Target Support Files/Pods-sPoints/Pods-sPoints-resources.sh\"\n";
			showEnvVarsInLog = 0;
		};
		F0917E46E0D1043044DBE397 /* [CP] Check Pods Manifest.lock */ = {
			isa = PBXShellScriptBuildPhase;
			buildActionMask = 2147483647;
			files = (
			);
			inputFileListPaths = (
			);
			inputPaths = (
				"${PODS_PODFILE_DIR_PATH}/Podfile.lock",
				"${PODS_ROOT}/Manifest.lock",
			);
			name = "[CP] Check Pods Manifest.lock";
			outputFileListPaths = (
			);
			outputPaths = (
				"$(DERIVED_FILE_DIR)/Pods-sPointsTests-checkManifestLockResult.txt",
			);
			runOnlyForDeploymentPostprocessing = 0;
			shellPath = /bin/sh;
			shellScript = "diff \"${PODS_PODFILE_DIR_PATH}/Podfile.lock\" \"${PODS_ROOT}/Manifest.lock\" > /dev/null\nif [ $? != 0 ] ; then\n    # print error to STDERR\n    echo \"error: The sandbox is not in sync with the Podfile.lock. Run 'pod install' or update your CocoaPods installation.\" >&2\n    exit 1\nfi\n# This output is used by Xcode 'outputs' to avoid re-running this script phase.\necho \"SUCCESS\" > \"${SCRIPT_OUTPUT_FILE_0}\"\n";
			showEnvVarsInLog = 0;
		};
		FD10A7F022414F080027D42C /* Start Packager */ = {
			isa = PBXShellScriptBuildPhase;
			buildActionMask = 2147483647;
			files = (
			);
			inputFileListPaths = (
			);
			inputPaths = (
			);
			name = "Start Packager";
			outputFileListPaths = (
			);
			outputPaths = (
			);
			runOnlyForDeploymentPostprocessing = 0;
			shellPath = /bin/sh;
			shellScript = "export RCT_METRO_PORT=\"${RCT_METRO_PORT:=8081}\"\necho \"export RCT_METRO_PORT=${RCT_METRO_PORT}\" > \"${SRCROOT}/../node_modules/react-native/scripts/.packager.env\"\nif [ -z \"${RCT_NO_LAUNCH_PACKAGER+xxx}\" ] ; then\n  if nc -w 5 -z localhost ${RCT_METRO_PORT} ; then\n    if ! curl -s \"http://localhost:${RCT_METRO_PORT}/status\" | grep -q \"packager-status:running\" ; then\n      echo \"Port ${RCT_METRO_PORT} already in use, packager is either not running or not running correctly\"\n      exit 2\n    fi\n  else\n    open \"$SRCROOT/../node_modules/react-native/scripts/launchPackager.command\" || echo \"Can't start packager automatically\"\n  fi\nfi\n";
			showEnvVarsInLog = 0;
		};
		FD10A7F122414F3F0027D42C /* Start Packager */ = {
			isa = PBXShellScriptBuildPhase;
			buildActionMask = 2147483647;
			files = (
			);
			inputFileListPaths = (
			);
			inputPaths = (
			);
			name = "Start Packager";
			outputFileListPaths = (
			);
			outputPaths = (
			);
			runOnlyForDeploymentPostprocessing = 0;
			shellPath = /bin/sh;
			shellScript = "export RCT_METRO_PORT=\"${RCT_METRO_PORT:=8081}\"\necho \"export RCT_METRO_PORT=${RCT_METRO_PORT}\" > \"${SRCROOT}/../node_modules/react-native/scripts/.packager.env\"\nif [ -z \"${RCT_NO_LAUNCH_PACKAGER+xxx}\" ] ; then\n  if nc -w 5 -z localhost ${RCT_METRO_PORT} ; then\n    if ! curl -s \"http://localhost:${RCT_METRO_PORT}/status\" | grep -q \"packager-status:running\" ; then\n      echo \"Port ${RCT_METRO_PORT} already in use, packager is either not running or not running correctly\"\n      exit 2\n    fi\n  else\n    open \"$SRCROOT/../node_modules/react-native/scripts/launchPackager.command\" || echo \"Can't start packager automatically\"\n  fi\nfi\n";
			showEnvVarsInLog = 0;
		};
/* End PBXShellScriptBuildPhase section */

/* Begin PBXSourcesBuildPhase section */
		00E356EA1AD99517003FC87E /* Sources */ = {
			isa = PBXSourcesBuildPhase;
			buildActionMask = 2147483647;
			files = (
				00E356F31AD99517003FC87E /* sPointsTests.m in Sources */,
			);
			runOnlyForDeploymentPostprocessing = 0;
		};
		13B07F871A680F5B00A75B9A /* Sources */ = {
			isa = PBXSourcesBuildPhase;
			buildActionMask = 2147483647;
			files = (
				13B07FBC1A68108700A75B9A /* AppDelegate.m in Sources */,
				13B07FC11A68108700A75B9A /* main.m in Sources */,
			);
			runOnlyForDeploymentPostprocessing = 0;
		};
		2D02E4771E0B4A5D006451C7 /* Sources */ = {
			isa = PBXSourcesBuildPhase;
			buildActionMask = 2147483647;
			files = (
				2D02E4BF1E0B4AB3006451C7 /* main.m in Sources */,
				2D02E4BC1E0B4A80006451C7 /* AppDelegate.m in Sources */,
			);
			runOnlyForDeploymentPostprocessing = 0;
		};
		2D02E48C1E0B4A5D006451C7 /* Sources */ = {
			isa = PBXSourcesBuildPhase;
			buildActionMask = 2147483647;
			files = (
				2DCD954D1E0B4F2C00145EB5 /* sPointsTests.m in Sources */,
			);
			runOnlyForDeploymentPostprocessing = 0;
		};
/* End PBXSourcesBuildPhase section */

/* Begin PBXTargetDependency section */
		00E356F51AD99517003FC87E /* PBXTargetDependency */ = {
			isa = PBXTargetDependency;
			target = 13B07F861A680F5B00A75B9A /* sPoints */;
			targetProxy = 00E356F41AD99517003FC87E /* PBXContainerItemProxy */;
		};
		2D02E4921E0B4A5D006451C7 /* PBXTargetDependency */ = {
			isa = PBXTargetDependency;
			target = 2D02E47A1E0B4A5D006451C7 /* sPoints-tvOS */;
			targetProxy = 2D02E4911E0B4A5D006451C7 /* PBXContainerItemProxy */;
		};
/* End PBXTargetDependency section */

/* Begin PBXVariantGroup section */
		13B07FB11A68108700A75B9A /* LaunchScreen.xib */ = {
			isa = PBXVariantGroup;
			children = (
				13B07FB21A68108700A75B9A /* Base */,
			);
			name = LaunchScreen.xib;
			path = sPoints;
			sourceTree = "<group>";
		};
/* End PBXVariantGroup section */

/* Begin XCBuildConfiguration section */
		00E356F61AD99517003FC87E /* Debug */ = {
			isa = XCBuildConfiguration;
			baseConfigurationReference = BFBF502A7D3484E7651BB1E1 /* Pods-sPointsTests.debug.xcconfig */;
			buildSettings = {
				BUNDLE_LOADER = "$(TEST_HOST)";
				GCC_PREPROCESSOR_DEFINITIONS = (
					"DEBUG=1",
					"$(inherited)",
				);
				INFOPLIST_FILE = sPointsTests/Info.plist;
				IPHONEOS_DEPLOYMENT_TARGET = 9.0;
				LD_RUNPATH_SEARCH_PATHS = "$(inherited) @executable_path/Frameworks @loader_path/Frameworks";
				OTHER_LDFLAGS = (
					"-ObjC",
					"-lc++",
					"$(inherited)",
				);
				PRODUCT_BUNDLE_IDENTIFIER = "org.reactjs.native.example.$(PRODUCT_NAME:rfc1034identifier)";
				PRODUCT_NAME = "$(TARGET_NAME)";
				TEST_HOST = "$(BUILT_PRODUCTS_DIR)/sPoints.app/sPoints";
			};
			name = Debug;
		};
		00E356F71AD99517003FC87E /* Release */ = {
			isa = XCBuildConfiguration;
			baseConfigurationReference = 515FC319D39069A8388DC304 /* Pods-sPointsTests.release.xcconfig */;
			buildSettings = {
				BUNDLE_LOADER = "$(TEST_HOST)";
				COPY_PHASE_STRIP = NO;
				INFOPLIST_FILE = sPointsTests/Info.plist;
				IPHONEOS_DEPLOYMENT_TARGET = 9.0;
				LD_RUNPATH_SEARCH_PATHS = "$(inherited) @executable_path/Frameworks @loader_path/Frameworks";
				OTHER_LDFLAGS = (
					"-ObjC",
					"-lc++",
					"$(inherited)",
				);
				PRODUCT_BUNDLE_IDENTIFIER = "org.reactjs.native.example.$(PRODUCT_NAME:rfc1034identifier)";
				PRODUCT_NAME = "$(TARGET_NAME)";
				TEST_HOST = "$(BUILT_PRODUCTS_DIR)/sPoints.app/sPoints";
			};
			name = Release;
		};
		13B07F941A680F5B00A75B9A /* Debug */ = {
			isa = XCBuildConfiguration;
			baseConfigurationReference = B88BA8B4E7E6128D200EDE80 /* Pods-sPoints.debug.xcconfig */;
			buildSettings = {
				ASSETCATALOG_COMPILER_APPICON_NAME = AppIcon;
				CURRENT_PROJECT_VERSION = 1;
				DEAD_CODE_STRIPPING = NO;
				INFOPLIST_FILE = sPoints/Info.plist;
				LD_RUNPATH_SEARCH_PATHS = "$(inherited) @executable_path/Frameworks";
				OTHER_LDFLAGS = (
					"$(inherited)",
					"-ObjC",
					"-lc++",
				);
				PRODUCT_BUNDLE_IDENTIFIER = "org.reactjs.native.example.$(PRODUCT_NAME:rfc1034identifier)";
				PRODUCT_NAME = sPoints;
				VERSIONING_SYSTEM = "apple-generic";
			};
			name = Debug;
		};
		13B07F951A680F5B00A75B9A /* Release */ = {
			isa = XCBuildConfiguration;
			baseConfigurationReference = 3AEDCFE2B19194A5F9948F2F /* Pods-sPoints.release.xcconfig */;
			buildSettings = {
				ASSETCATALOG_COMPILER_APPICON_NAME = AppIcon;
				CURRENT_PROJECT_VERSION = 1;
				INFOPLIST_FILE = sPoints/Info.plist;
				LD_RUNPATH_SEARCH_PATHS = "$(inherited) @executable_path/Frameworks";
				OTHER_LDFLAGS = (
					"$(inherited)",
					"-ObjC",
					"-lc++",
				);
				PRODUCT_BUNDLE_IDENTIFIER = "org.reactjs.native.example.$(PRODUCT_NAME:rfc1034identifier)";
				PRODUCT_NAME = sPoints;
				VERSIONING_SYSTEM = "apple-generic";
			};
			name = Release;
		};
		2D02E4971E0B4A5E006451C7 /* Debug */ = {
			isa = XCBuildConfiguration;
			baseConfigurationReference = FA81EA5FFF9D3A05580F9E80 /* Pods-sPoints-tvOS.debug.xcconfig */;
			buildSettings = {
				ASSETCATALOG_COMPILER_APPICON_NAME = "App Icon & Top Shelf Image";
				ASSETCATALOG_COMPILER_LAUNCHIMAGE_NAME = LaunchImage;
				CLANG_ANALYZER_NONNULL = YES;
				CLANG_WARN_DOCUMENTATION_COMMENTS = YES;
				CLANG_WARN_INFINITE_RECURSION = YES;
				CLANG_WARN_SUSPICIOUS_MOVE = YES;
				DEBUG_INFORMATION_FORMAT = dwarf;
				ENABLE_TESTABILITY = YES;
				GCC_NO_COMMON_BLOCKS = YES;
				INFOPLIST_FILE = "sPoints-tvOS/Info.plist";
				LD_RUNPATH_SEARCH_PATHS = "$(inherited) @executable_path/Frameworks";
				OTHER_LDFLAGS = (
					"$(inherited)",
					"-ObjC",
					"-lc++",
				);
				PRODUCT_BUNDLE_IDENTIFIER = "com.facebook.REACT.sPoints-tvOS";
				PRODUCT_NAME = "$(TARGET_NAME)";
				SDKROOT = appletvos;
				TARGETED_DEVICE_FAMILY = 3;
				TVOS_DEPLOYMENT_TARGET = 9.2;
			};
			name = Debug;
		};
		2D02E4981E0B4A5E006451C7 /* Release */ = {
			isa = XCBuildConfiguration;
			baseConfigurationReference = 1AF8CD4CDB11CD1F769018BE /* Pods-sPoints-tvOS.release.xcconfig */;
			buildSettings = {
				ASSETCATALOG_COMPILER_APPICON_NAME = "App Icon & Top Shelf Image";
				ASSETCATALOG_COMPILER_LAUNCHIMAGE_NAME = LaunchImage;
				CLANG_ANALYZER_NONNULL = YES;
				CLANG_WARN_DOCUMENTATION_COMMENTS = YES;
				CLANG_WARN_INFINITE_RECURSION = YES;
				CLANG_WARN_SUSPICIOUS_MOVE = YES;
				COPY_PHASE_STRIP = NO;
				DEBUG_INFORMATION_FORMAT = "dwarf-with-dsym";
				GCC_NO_COMMON_BLOCKS = YES;
				INFOPLIST_FILE = "sPoints-tvOS/Info.plist";
				LD_RUNPATH_SEARCH_PATHS = "$(inherited) @executable_path/Frameworks";
				OTHER_LDFLAGS = (
					"$(inherited)",
					"-ObjC",
					"-lc++",
				);
				PRODUCT_BUNDLE_IDENTIFIER = "com.facebook.REACT.sPoints-tvOS";
				PRODUCT_NAME = "$(TARGET_NAME)";
				SDKROOT = appletvos;
				TARGETED_DEVICE_FAMILY = 3;
				TVOS_DEPLOYMENT_TARGET = 9.2;
			};
			name = Release;
		};
		2D02E4991E0B4A5E006451C7 /* Debug */ = {
			isa = XCBuildConfiguration;
			baseConfigurationReference = 44142001A240665AF77CBE74 /* Pods-sPoints-tvOSTests.debug.xcconfig */;
			buildSettings = {
				BUNDLE_LOADER = "$(TEST_HOST)";
				CLANG_ANALYZER_NONNULL = YES;
				CLANG_WARN_DOCUMENTATION_COMMENTS = YES;
				CLANG_WARN_INFINITE_RECURSION = YES;
				CLANG_WARN_SUSPICIOUS_MOVE = YES;
				DEBUG_INFORMATION_FORMAT = dwarf;
				ENABLE_TESTABILITY = YES;
				GCC_NO_COMMON_BLOCKS = YES;
				INFOPLIST_FILE = "sPoints-tvOSTests/Info.plist";
				LD_RUNPATH_SEARCH_PATHS = "$(inherited) @executable_path/Frameworks @loader_path/Frameworks";
				OTHER_LDFLAGS = (
					"$(inherited)",
					"-ObjC",
					"-lc++",
				);
				PRODUCT_BUNDLE_IDENTIFIER = "com.facebook.REACT.sPoints-tvOSTests";
				PRODUCT_NAME = "$(TARGET_NAME)";
				SDKROOT = appletvos;
				TEST_HOST = "$(BUILT_PRODUCTS_DIR)/sPoints-tvOS.app/sPoints-tvOS";
				TVOS_DEPLOYMENT_TARGET = 10.1;
			};
			name = Debug;
		};
		2D02E49A1E0B4A5E006451C7 /* Release */ = {
			isa = XCBuildConfiguration;
			baseConfigurationReference = 00EB8FDE5325A7884386A121 /* Pods-sPoints-tvOSTests.release.xcconfig */;
			buildSettings = {
				BUNDLE_LOADER = "$(TEST_HOST)";
				CLANG_ANALYZER_NONNULL = YES;
				CLANG_WARN_DOCUMENTATION_COMMENTS = YES;
				CLANG_WARN_INFINITE_RECURSION = YES;
				CLANG_WARN_SUSPICIOUS_MOVE = YES;
				COPY_PHASE_STRIP = NO;
				DEBUG_INFORMATION_FORMAT = "dwarf-with-dsym";
				GCC_NO_COMMON_BLOCKS = YES;
				INFOPLIST_FILE = "sPoints-tvOSTests/Info.plist";
				LD_RUNPATH_SEARCH_PATHS = "$(inherited) @executable_path/Frameworks @loader_path/Frameworks";
				OTHER_LDFLAGS = (
					"$(inherited)",
					"-ObjC",
					"-lc++",
				);
				PRODUCT_BUNDLE_IDENTIFIER = "com.facebook.REACT.sPoints-tvOSTests";
				PRODUCT_NAME = "$(TARGET_NAME)";
				SDKROOT = appletvos;
				TEST_HOST = "$(BUILT_PRODUCTS_DIR)/sPoints-tvOS.app/sPoints-tvOS";
				TVOS_DEPLOYMENT_TARGET = 10.1;
			};
			name = Release;
		};
		83CBBA201A601CBA00E9B192 /* Debug */ = {
			isa = XCBuildConfiguration;
			buildSettings = {
				ALWAYS_SEARCH_USER_PATHS = NO;
				CLANG_CXX_LANGUAGE_STANDARD = "gnu++0x";
				CLANG_CXX_LIBRARY = "libc++";
				CLANG_ENABLE_MODULES = YES;
				CLANG_ENABLE_OBJC_ARC = YES;
				CLANG_WARN_BLOCK_CAPTURE_AUTORELEASING = YES;
				CLANG_WARN_BOOL_CONVERSION = YES;
				CLANG_WARN_COMMA = YES;
				CLANG_WARN_CONSTANT_CONVERSION = YES;
				CLANG_WARN_DEPRECATED_OBJC_IMPLEMENTATIONS = YES;
				CLANG_WARN_DIRECT_OBJC_ISA_USAGE = YES_ERROR;
				CLANG_WARN_EMPTY_BODY = YES;
				CLANG_WARN_ENUM_CONVERSION = YES;
				CLANG_WARN_INFINITE_RECURSION = YES;
				CLANG_WARN_INT_CONVERSION = YES;
				CLANG_WARN_NON_LITERAL_NULL_CONVERSION = YES;
				CLANG_WARN_OBJC_IMPLICIT_RETAIN_SELF = YES;
				CLANG_WARN_OBJC_LITERAL_CONVERSION = YES;
				CLANG_WARN_OBJC_ROOT_CLASS = YES_ERROR;
				CLANG_WARN_RANGE_LOOP_ANALYSIS = YES;
				CLANG_WARN_STRICT_PROTOTYPES = YES;
				CLANG_WARN_SUSPICIOUS_MOVE = YES;
				CLANG_WARN_UNREACHABLE_CODE = YES;
				CLANG_WARN__DUPLICATE_METHOD_MATCH = YES;
				"CODE_SIGN_IDENTITY[sdk=iphoneos*]" = "iPhone Developer";
				COPY_PHASE_STRIP = NO;
				ENABLE_STRICT_OBJC_MSGSEND = YES;
				ENABLE_TESTABILITY = YES;
				GCC_C_LANGUAGE_STANDARD = gnu99;
				GCC_DYNAMIC_NO_PIC = NO;
				GCC_NO_COMMON_BLOCKS = YES;
				GCC_OPTIMIZATION_LEVEL = 0;
				GCC_PREPROCESSOR_DEFINITIONS = (
					"DEBUG=1",
					"$(inherited)",
				);
				GCC_SYMBOLS_PRIVATE_EXTERN = NO;
				GCC_WARN_64_TO_32_BIT_CONVERSION = YES;
				GCC_WARN_ABOUT_RETURN_TYPE = YES_ERROR;
				GCC_WARN_UNDECLARED_SELECTOR = YES;
				GCC_WARN_UNINITIALIZED_AUTOS = YES_AGGRESSIVE;
				GCC_WARN_UNUSED_FUNCTION = YES;
				GCC_WARN_UNUSED_VARIABLE = YES;
				IPHONEOS_DEPLOYMENT_TARGET = 9.0;
				MTL_ENABLE_DEBUG_INFO = YES;
				ONLY_ACTIVE_ARCH = YES;
				SDKROOT = iphoneos;
			};
			name = Debug;
		};
		83CBBA211A601CBA00E9B192 /* Release */ = {
			isa = XCBuildConfiguration;
			buildSettings = {
				ALWAYS_SEARCH_USER_PATHS = NO;
				CLANG_CXX_LANGUAGE_STANDARD = "gnu++0x";
				CLANG_CXX_LIBRARY = "libc++";
				CLANG_ENABLE_MODULES = YES;
				CLANG_ENABLE_OBJC_ARC = YES;
				CLANG_WARN_BLOCK_CAPTURE_AUTORELEASING = YES;
				CLANG_WARN_BOOL_CONVERSION = YES;
				CLANG_WARN_COMMA = YES;
				CLANG_WARN_CONSTANT_CONVERSION = YES;
				CLANG_WARN_DEPRECATED_OBJC_IMPLEMENTATIONS = YES;
				CLANG_WARN_DIRECT_OBJC_ISA_USAGE = YES_ERROR;
				CLANG_WARN_EMPTY_BODY = YES;
				CLANG_WARN_ENUM_CONVERSION = YES;
				CLANG_WARN_INFINITE_RECURSION = YES;
				CLANG_WARN_INT_CONVERSION = YES;
				CLANG_WARN_NON_LITERAL_NULL_CONVERSION = YES;
				CLANG_WARN_OBJC_IMPLICIT_RETAIN_SELF = YES;
				CLANG_WARN_OBJC_LITERAL_CONVERSION = YES;
				CLANG_WARN_OBJC_ROOT_CLASS = YES_ERROR;
				CLANG_WARN_RANGE_LOOP_ANALYSIS = YES;
				CLANG_WARN_STRICT_PROTOTYPES = YES;
				CLANG_WARN_SUSPICIOUS_MOVE = YES;
				CLANG_WARN_UNREACHABLE_CODE = YES;
				CLANG_WARN__DUPLICATE_METHOD_MATCH = YES;
				"CODE_SIGN_IDENTITY[sdk=iphoneos*]" = "iPhone Developer";
				COPY_PHASE_STRIP = YES;
				ENABLE_NS_ASSERTIONS = NO;
				ENABLE_STRICT_OBJC_MSGSEND = YES;
				GCC_C_LANGUAGE_STANDARD = gnu99;
				GCC_NO_COMMON_BLOCKS = YES;
				GCC_WARN_64_TO_32_BIT_CONVERSION = YES;
				GCC_WARN_ABOUT_RETURN_TYPE = YES_ERROR;
				GCC_WARN_UNDECLARED_SELECTOR = YES;
				GCC_WARN_UNINITIALIZED_AUTOS = YES_AGGRESSIVE;
				GCC_WARN_UNUSED_FUNCTION = YES;
				GCC_WARN_UNUSED_VARIABLE = YES;
				IPHONEOS_DEPLOYMENT_TARGET = 9.0;
				MTL_ENABLE_DEBUG_INFO = NO;
				SDKROOT = iphoneos;
				VALIDATE_PRODUCT = YES;
			};
			name = Release;
		};
/* End XCBuildConfiguration section */

/* Begin XCConfigurationList section */
		00E357021AD99517003FC87E /* Build configuration list for PBXNativeTarget "sPointsTests" */ = {
			isa = XCConfigurationList;
			buildConfigurations = (
				00E356F61AD99517003FC87E /* Debug */,
				00E356F71AD99517003FC87E /* Release */,
			);
			defaultConfigurationIsVisible = 0;
			defaultConfigurationName = Release;
		};
		13B07F931A680F5B00A75B9A /* Build configuration list for PBXNativeTarget "sPoints" */ = {
			isa = XCConfigurationList;
			buildConfigurations = (
				13B07F941A680F5B00A75B9A /* Debug */,
				13B07F951A680F5B00A75B9A /* Release */,
			);
			defaultConfigurationIsVisible = 0;
			defaultConfigurationName = Release;
		};
		2D02E4BA1E0B4A5E006451C7 /* Build configuration list for PBXNativeTarget "sPoints-tvOS" */ = {
			isa = XCConfigurationList;
			buildConfigurations = (
				2D02E4971E0B4A5E006451C7 /* Debug */,
				2D02E4981E0B4A5E006451C7 /* Release */,
			);
			defaultConfigurationIsVisible = 0;
			defaultConfigurationName = Release;
		};
		2D02E4BB1E0B4A5E006451C7 /* Build configuration list for PBXNativeTarget "sPoints-tvOSTests" */ = {
			isa = XCConfigurationList;
			buildConfigurations = (
				2D02E4991E0B4A5E006451C7 /* Debug */,
				2D02E49A1E0B4A5E006451C7 /* Release */,
			);
			defaultConfigurationIsVisible = 0;
			defaultConfigurationName = Release;
		};
		83CBB9FA1A601CBA00E9B192 /* Build configuration list for PBXProject "sPoints" */ = {
			isa = XCConfigurationList;
			buildConfigurations = (
				83CBBA201A601CBA00E9B192 /* Debug */,
				83CBBA211A601CBA00E9B192 /* Release */,
			);
			defaultConfigurationIsVisible = 0;
			defaultConfigurationName = Release;
		};
/* End XCConfigurationList section */
	};
	rootObject = 83CBB9F71A601CBA00E9B192 /* Project object */;
}
